
Microsoft Visual Studio Solution File, Format Version 12.00
# Visual Studio Version 17
VisualStudioVersion = 17.13.35825.156 d17.13
MinimumVisualStudioVersion = 10.0.40219.1
Project("{FAE04EC0-301F-11D3-BF4B-00C04F79EFBC}") = "JogoDeAdivinhacao", "JogoDeAdivinhacao\JogoDeAdivinhacao.csproj", "{95977B64-B71E-4E2E-AF44-1C9C94E23A2E}"
EndProject
Global
	GlobalSection(SolutionConfigurationPlatforms) = preSolution
		Debug|Any CPU = Debug|Any CPU
		Release|Any CPU = Release|Any CPU
	EndGlobalSection
	GlobalSection(ProjectConfigurationPlatforms) = postSolution
		{95977B64-B71E-4E2E-AF44-1C9C94E23A2E}.Debug|Any CPU.ActiveCfg = Debug|Any CPU
		{95977B64-B71E-4E2E-AF44-1C9C94E23A2E}.Debug|Any CPU.Build.0 = Debug|Any CPU
		{95977B64-B71E-4E2E-AF44-1C9C94E23A2E}.Release|Any CPU.ActiveCfg = Release|Any CPU
		{95977B64-B71E-4E2E-AF44-1C9C94E23A2E}.Release|Any CPU.Build.0 = Release|Any CPU
	EndGlobalSection
	GlobalSection(SolutionProperties) = preSolution
		HideSolutionNode = FALSE
	EndGlobalSection
	GlobalSection(ExtensibilityGlobals) = postSolution
		SolutionGuid = {16C376F9-4633-428F-AA3D-45E1680817BB}
	EndGlobalSection
EndGlobal
